{
  "version": "4",
  "specifiers": {
    "jsr:@std/assert@1": "1.0.6",
    "jsr:@std/internal@^1.0.4": "1.0.4",
    "npm:antlr4ng@*": "3.0.7_antlr4ng-cli@2.0.0",
    "npm:chevrotain@*": "11.0.3",
    "npm:typescript-parsec@*": "0.3.4"
  },
  "jsr": {
    "@std/assert@1.0.6": {
      "integrity": "1904c05806a25d94fe791d6d883b685c9e2dcd60e4f9fc30f4fc5cf010c72207",
      "dependencies": [
        "jsr:@std/internal"
      ]
    },
    "@std/internal@1.0.4": {
      "integrity": "62e8e4911527e5e4f307741a795c0b0a9e6958d0b3790716ae71ce085f755422"
    }
  },
  "npm": {
    "@chevrotain/cst-dts-gen@11.0.3": {
      "integrity": "sha512-BvIKpRLeS/8UbfxXxgC33xOumsacaeCKAjAeLyOn7Pcp95HiRbrpl14S+9vaZLolnbssPIUuiUd8IvgkRyt6NQ==",
      "dependencies": [
        "@chevrotain/gast",
        "@chevrotain/types",
        "lodash-es"
      ]
    },
    "@chevrotain/gast@11.0.3": {
      "integrity": "sha512-+qNfcoNk70PyS/uxmj3li5NiECO+2YKZZQMbmjTqRI3Qchu8Hig/Q9vgkHpI3alNjr7M+a2St5pw5w5F6NL5/Q==",
      "dependencies": [
        "@chevrotain/types",
        "lodash-es"
      ]
    },
    "@chevrotain/regexp-to-ast@11.0.3": {
      "integrity": "sha512-1fMHaBZxLFvWI067AVbGJav1eRY7N8DDvYCTwGBiE/ytKBgP8azTdgyrKyWZ9Mfh09eHWb5PgTSO8wi7U824RA=="
    },
    "@chevrotain/types@11.0.3": {
      "integrity": "sha512-gsiM3G8b58kZC2HaWR50gu6Y1440cHiJ+i3JUvcp/35JchYejb2+5MVeJK0iKThYpAa/P2PYFV4hoi44HD+aHQ=="
    },
    "@chevrotain/utils@11.0.3": {
      "integrity": "sha512-YslZMgtJUyuMbZ+aKvfF3x1f5liK4mWNxghFRv7jqRR9C3R3fAOGTTKvxXDa2Y1s9zSbcpuO0cAxDYsc9SrXoQ=="
    },
    "antlr4ng-cli@2.0.0": {
      "integrity": "sha512-oAt5OSSYhRQn1PgahtpAP4Vp3BApCoCqlzX7Q8ZUWWls4hX59ryYuu0t7Hwrnfk796OxP/vgIJaqxdltd/oEvQ=="
    },
    "antlr4ng@3.0.7_antlr4ng-cli@2.0.0": {
      "integrity": "sha512-e9VzrS6fErCUTmkZX2eKEMCsmYY87gVhmHkzmOXtUDgvwGhivUvtiHqlOByDx4Nd1PIQ0lMlhflOWEz6cGXqKA==",
      "dependencies": [
        "antlr4ng-cli"
      ]
    },
    "chevrotain@11.0.3": {
      "integrity": "sha512-ci2iJH6LeIkvP9eJW6gpueU8cnZhv85ELY8w8WiFtNjMHA5ad6pQLaJo9mEly/9qUyCpvqX8/POVUTf18/HFdw==",
      "dependencies": [
        "@chevrotain/cst-dts-gen",
        "@chevrotain/gast",
        "@chevrotain/regexp-to-ast",
        "@chevrotain/types",
        "@chevrotain/utils",
        "lodash-es"
      ]
    },
    "lodash-es@4.17.21": {
      "integrity": "sha512-mKnC+QJ9pWVzv+C4/U3rRsHapFfHvQFoFB92e52xeyGMcX6/OlIl78je1u8vePzYZSkkogMPJ2yjxxsb89cxyw=="
    },
    "typescript-parsec@0.3.4": {
      "integrity": "sha512-6RD4xOxp26BTZLopNbqT2iErqNhQZZWb5m5F07/UwGhldGvOAKOl41pZ3fxsFp04bNL+PbgMjNfb6IvJAC/uYQ=="
    }
  },
  "remote": {
    "https://deno.land/std@0.201.0/encoding/base32.ts": "c329447451560ec692b9eb4d1badb6437f1d419ddbb21c1f994b0fe0b6b66cc8"
  },
  "workspace": {
    "dependencies": [
      "jsr:@std/assert@1",
      "npm:antlr4ng@*",
      "npm:chevrotain@*",
      "npm:typescript-parsec@*"
    ]
  }
}
